
Microsoft Visual Studio Solution File, Format Version 12.00
# Visual Studio Version 16
VisualStudioVersion = 16.0.31025.194
MinimumVisualStudioVersion = 10.0.40219.1
Project("{FAE04EC0-301F-11D3-BF4B-00C04F79EFBC}") = "LinqOverStrings", "LinqOverStrings\LinqOverStrings.csproj", "{D209CC1B-1149-4043-BE91-8DAE015A8068}"
EndProject
Global
	GlobalSection(SolutionConfigurationPlatforms) = preSolution
		Debug|Any CPU = Debug|Any CPU
		Release|Any CPU = Release|Any CPU
	EndGlobalSection
	GlobalSection(ProjectConfigurationPlatforms) = postSolution
		{D209CC1B-1149-4043-BE91-8DAE015A8068}.Debug|Any CPU.ActiveCfg = Debug|Any CPU
		{D209CC1B-1149-4043-BE91-8DAE015A8068}.Debug|Any CPU.Build.0 = Debug|Any CPU
		{D209CC1B-1149-4043-BE91-8DAE015A8068}.Release|Any CPU.ActiveCfg = Release|Any CPU
		{D209CC1B-1149-4043-BE91-8DAE015A8068}.Release|Any CPU.Build.0 = Release|Any CPU
	EndGlobalSection
	GlobalSection(SolutionProperties) = preSolution
		HideSolutionNode = FALSE
	EndGlobalSection
	GlobalSection(ExtensibilityGlobals) = postSolution
		SolutionGuid = {A231570D-7605-43CD-8673-DDBDCE033898}
	EndGlobalSection
EndGlobal
