
Microsoft Visual Studio Solution File, Format Version 12.00
# Visual Studio Version 16
VisualStudioVersion = 16.0.31025.194
MinimumVisualStudioVersion = 10.0.40219.1
Project("{FAE04EC0-301F-11D3-BF4B-00C04F79EFBC}") = "AutoLotEDM_GUI", "AutoLotEDM_GUI\AutoLotEDM_GUI.csproj", "{9C73341E-789C-4235-AD36-0EBDF5207057}"
EndProject
Global
	GlobalSection(SolutionConfigurationPlatforms) = preSolution
		Debug|Any CPU = Debug|Any CPU
		Release|Any CPU = Release|Any CPU
	EndGlobalSection
	GlobalSection(ProjectConfigurationPlatforms) = postSolution
		{9C73341E-789C-4235-AD36-0EBDF5207057}.Debug|Any CPU.ActiveCfg = Debug|Any CPU
		{9C73341E-789C-4235-AD36-0EBDF5207057}.Debug|Any CPU.Build.0 = Debug|Any CPU
		{9C73341E-789C-4235-AD36-0EBDF5207057}.Release|Any CPU.ActiveCfg = Release|Any CPU
		{9C73341E-789C-4235-AD36-0EBDF5207057}.Release|Any CPU.Build.0 = Release|Any CPU
	EndGlobalSection
	GlobalSection(SolutionProperties) = preSolution
		HideSolutionNode = FALSE
	EndGlobalSection
	GlobalSection(ExtensibilityGlobals) = postSolution
		SolutionGuid = {9C4F8F35-52A0-4E2B-8FE0-9822CBF23F0B}
	EndGlobalSection
EndGlobal
