
Microsoft Visual Studio Solution File, Format Version 12.00
# Visual Studio Version 16
VisualStudioVersion = 16.0.31025.194
MinimumVisualStudioVersion = 10.0.40219.1
Project("{FAE04EC0-301F-11D3-BF4B-00C04F79EFBC}") = "CSharpCarClient", "CSharpCarClient\CSharpCarClient.csproj", "{AD1870CC-CF28-4C0D-9A62-8F89E4E3E8EF}"
EndProject
Global
	GlobalSection(SolutionConfigurationPlatforms) = preSolution
		Debug|Any CPU = Debug|Any CPU
		Release|Any CPU = Release|Any CPU
	EndGlobalSection
	GlobalSection(ProjectConfigurationPlatforms) = postSolution
		{AD1870CC-CF28-4C0D-9A62-8F89E4E3E8EF}.Debug|Any CPU.ActiveCfg = Debug|Any CPU
		{AD1870CC-CF28-4C0D-9A62-8F89E4E3E8EF}.Debug|Any CPU.Build.0 = Debug|Any CPU
		{AD1870CC-CF28-4C0D-9A62-8F89E4E3E8EF}.Release|Any CPU.ActiveCfg = Release|Any CPU
		{AD1870CC-CF28-4C0D-9A62-8F89E4E3E8EF}.Release|Any CPU.Build.0 = Release|Any CPU
	EndGlobalSection
	GlobalSection(SolutionProperties) = preSolution
		HideSolutionNode = FALSE
	EndGlobalSection
	GlobalSection(ExtensibilityGlobals) = postSolution
		SolutionGuid = {19FB6B6D-45A6-48E4-9DB4-331432DEBFEF}
	EndGlobalSection
EndGlobal
