
Microsoft Visual Studio Solution File, Format Version 12.00
# Visual Studio Version 16
VisualStudioVersion = 16.0.31025.194
MinimumVisualStudioVersion = 10.0.40219.1
Project("{FAE04EC0-301F-11D3-BF4B-00C04F79EFBC}") = "LinqRetValues", "LinqRetValues\LinqRetValues.csproj", "{4BB2A701-D612-4472-8BE6-41458914CB80}"
EndProject
Global
	GlobalSection(SolutionConfigurationPlatforms) = preSolution
		Debug|Any CPU = Debug|Any CPU
		Release|Any CPU = Release|Any CPU
	EndGlobalSection
	GlobalSection(ProjectConfigurationPlatforms) = postSolution
		{4BB2A701-D612-4472-8BE6-41458914CB80}.Debug|Any CPU.ActiveCfg = Debug|Any CPU
		{4BB2A701-D612-4472-8BE6-41458914CB80}.Debug|Any CPU.Build.0 = Debug|Any CPU
		{4BB2A701-D612-4472-8BE6-41458914CB80}.Release|Any CPU.ActiveCfg = Release|Any CPU
		{4BB2A701-D612-4472-8BE6-41458914CB80}.Release|Any CPU.Build.0 = Release|Any CPU
	EndGlobalSection
	GlobalSection(SolutionProperties) = preSolution
		HideSolutionNode = FALSE
	EndGlobalSection
	GlobalSection(ExtensibilityGlobals) = postSolution
		SolutionGuid = {CAFB8E53-4B24-4B27-98A9-D2148EE05CD3}
	EndGlobalSection
EndGlobal
