
Microsoft Visual Studio Solution File, Format Version 12.00
# Visual Studio Version 16
VisualStudioVersion = 16.0.31025.194
MinimumVisualStudioVersion = 10.0.40219.1
Project("{FAE04EC0-301F-11D3-BF4B-00C04F79EFBC}") = "AnonymousTypes", "AnonymousTypes\AnonymousTypes.csproj", "{B2803420-6418-4B8B-BA27-B7A765B6AA5A}"
EndProject
Global
	GlobalSection(SolutionConfigurationPlatforms) = preSolution
		Debug|Any CPU = Debug|Any CPU
		Release|Any CPU = Release|Any CPU
	EndGlobalSection
	GlobalSection(ProjectConfigurationPlatforms) = postSolution
		{B2803420-6418-4B8B-BA27-B7A765B6AA5A}.Debug|Any CPU.ActiveCfg = Debug|Any CPU
		{B2803420-6418-4B8B-BA27-B7A765B6AA5A}.Debug|Any CPU.Build.0 = Debug|Any CPU
		{B2803420-6418-4B8B-BA27-B7A765B6AA5A}.Release|Any CPU.ActiveCfg = Release|Any CPU
		{B2803420-6418-4B8B-BA27-B7A765B6AA5A}.Release|Any CPU.Build.0 = Release|Any CPU
	EndGlobalSection
	GlobalSection(SolutionProperties) = preSolution
		HideSolutionNode = FALSE
	EndGlobalSection
	GlobalSection(ExtensibilityGlobals) = postSolution
		SolutionGuid = {4CE06411-DF08-48F0-832E-BDE9D64C546E}
	EndGlobalSection
EndGlobal
