
Microsoft Visual Studio Solution File, Format Version 12.00
# Visual Studio Version 16
VisualStudioVersion = 16.0.31025.194
MinimumVisualStudioVersion = 10.0.40219.1
Project("{FAE04EC0-301F-11D3-BF4B-00C04F79EFBC}") = "ObjectContextApp", "ObjectContextApp\ObjectContextApp.csproj", "{4B70F9D9-E3F2-4122-A35E-97B15D6A8E97}"
EndProject
Global
	GlobalSection(SolutionConfigurationPlatforms) = preSolution
		Debug|Any CPU = Debug|Any CPU
		Release|Any CPU = Release|Any CPU
	EndGlobalSection
	GlobalSection(ProjectConfigurationPlatforms) = postSolution
		{4B70F9D9-E3F2-4122-A35E-97B15D6A8E97}.Debug|Any CPU.ActiveCfg = Debug|Any CPU
		{4B70F9D9-E3F2-4122-A35E-97B15D6A8E97}.Debug|Any CPU.Build.0 = Debug|Any CPU
		{4B70F9D9-E3F2-4122-A35E-97B15D6A8E97}.Release|Any CPU.ActiveCfg = Release|Any CPU
		{4B70F9D9-E3F2-4122-A35E-97B15D6A8E97}.Release|Any CPU.Build.0 = Release|Any CPU
	EndGlobalSection
	GlobalSection(SolutionProperties) = preSolution
		HideSolutionNode = FALSE
	EndGlobalSection
	GlobalSection(ExtensibilityGlobals) = postSolution
		SolutionGuid = {193EC581-9DBB-42DF-A2EF-4B8BED67FF36}
	EndGlobalSection
EndGlobal
