
Microsoft Visual Studio Solution File, Format Version 12.00
# Visual Studio Version 16
VisualStudioVersion = 16.0.31025.194
MinimumVisualStudioVersion = 10.0.40219.1
Project("{FAE04EC0-301F-11D3-BF4B-00C04F79EFBC}") = "AutoLotDataAccessLayer", "AutoLotDataAccessLayer\AutoLotDataAccessLayer.csproj", "{F8011C29-DDBA-414F-98CF-9C30C4EB967D}"
EndProject
Global
	GlobalSection(SolutionConfigurationPlatforms) = preSolution
		Debug|Any CPU = Debug|Any CPU
		Release|Any CPU = Release|Any CPU
	EndGlobalSection
	GlobalSection(ProjectConfigurationPlatforms) = postSolution
		{F8011C29-DDBA-414F-98CF-9C30C4EB967D}.Debug|Any CPU.ActiveCfg = Debug|Any CPU
		{F8011C29-DDBA-414F-98CF-9C30C4EB967D}.Debug|Any CPU.Build.0 = Debug|Any CPU
		{F8011C29-DDBA-414F-98CF-9C30C4EB967D}.Release|Any CPU.ActiveCfg = Release|Any CPU
		{F8011C29-DDBA-414F-98CF-9C30C4EB967D}.Release|Any CPU.Build.0 = Release|Any CPU
	EndGlobalSection
	GlobalSection(SolutionProperties) = preSolution
		HideSolutionNode = FALSE
	EndGlobalSection
	GlobalSection(ExtensibilityGlobals) = postSolution
		SolutionGuid = {A452913D-D3C0-4C20-A56C-845B3C199335}
	EndGlobalSection
EndGlobal
