
Microsoft Visual Studio Solution File, Format Version 12.00
# Visual Studio Version 16
VisualStudioVersion = 16.0.31025.194
MinimumVisualStudioVersion = 10.0.40219.1
Project("{FAE04EC0-301F-11D3-BF4B-00C04F79EFBC}") = "AsyncCallbackDelegate", "AsyncCallbackDelegate\AsyncCallbackDelegate.csproj", "{E9753BC8-77A1-4B56-A159-FDBFC37CE755}"
EndProject
Global
	GlobalSection(SolutionConfigurationPlatforms) = preSolution
		Debug|Any CPU = Debug|Any CPU
		Release|Any CPU = Release|Any CPU
	EndGlobalSection
	GlobalSection(ProjectConfigurationPlatforms) = postSolution
		{E9753BC8-77A1-4B56-A159-FDBFC37CE755}.Debug|Any CPU.ActiveCfg = Debug|Any CPU
		{E9753BC8-77A1-4B56-A159-FDBFC37CE755}.Debug|Any CPU.Build.0 = Debug|Any CPU
		{E9753BC8-77A1-4B56-A159-FDBFC37CE755}.Release|Any CPU.ActiveCfg = Release|Any CPU
		{E9753BC8-77A1-4B56-A159-FDBFC37CE755}.Release|Any CPU.Build.0 = Release|Any CPU
	EndGlobalSection
	GlobalSection(SolutionProperties) = preSolution
		HideSolutionNode = FALSE
	EndGlobalSection
	GlobalSection(ExtensibilityGlobals) = postSolution
		SolutionGuid = {6F66BA01-DBF9-4DE3-8784-627FDEAFA4F0}
	EndGlobalSection
EndGlobal
