
Microsoft Visual Studio Solution File, Format Version 12.00
# Visual Studio Version 16
VisualStudioVersion = 16.0.31025.194
MinimumVisualStudioVersion = 10.0.40219.1
Project("{FAE04EC0-301F-11D3-BF4B-00C04F79EFBC}") = "LinqGrammerTest", "LinqGrammerTest\LinqGrammerTest.csproj", "{CE31237E-CD91-4EC6-8441-7E936145106A}"
EndProject
Global
	GlobalSection(SolutionConfigurationPlatforms) = preSolution
		Debug|Any CPU = Debug|Any CPU
		Release|Any CPU = Release|Any CPU
	EndGlobalSection
	GlobalSection(ProjectConfigurationPlatforms) = postSolution
		{CE31237E-CD91-4EC6-8441-7E936145106A}.Debug|Any CPU.ActiveCfg = Debug|Any CPU
		{CE31237E-CD91-4EC6-8441-7E936145106A}.Debug|Any CPU.Build.0 = Debug|Any CPU
		{CE31237E-CD91-4EC6-8441-7E936145106A}.Release|Any CPU.ActiveCfg = Release|Any CPU
		{CE31237E-CD91-4EC6-8441-7E936145106A}.Release|Any CPU.Build.0 = Release|Any CPU
	EndGlobalSection
	GlobalSection(SolutionProperties) = preSolution
		HideSolutionNode = FALSE
	EndGlobalSection
	GlobalSection(ExtensibilityGlobals) = postSolution
		SolutionGuid = {C8440C99-D3AE-4C8E-B97A-294F046F1234}
	EndGlobalSection
EndGlobal
