
Microsoft Visual Studio Solution File, Format Version 12.00
# Visual Studio Version 16
VisualStudioVersion = 16.0.31025.194
MinimumVisualStudioVersion = 10.0.40219.1
Project("{FAE04EC0-301F-11D3-BF4B-00C04F79EFBC}") = "SimpleIndexer", "SimpleIndexer\SimpleIndexer.csproj", "{2CD50CED-84F6-4EDE-ADCE-866B97B5B17D}"
EndProject
Global
	GlobalSection(SolutionConfigurationPlatforms) = preSolution
		Debug|Any CPU = Debug|Any CPU
		Release|Any CPU = Release|Any CPU
	EndGlobalSection
	GlobalSection(ProjectConfigurationPlatforms) = postSolution
		{2CD50CED-84F6-4EDE-ADCE-866B97B5B17D}.Debug|Any CPU.ActiveCfg = Debug|Any CPU
		{2CD50CED-84F6-4EDE-ADCE-866B97B5B17D}.Debug|Any CPU.Build.0 = Debug|Any CPU
		{2CD50CED-84F6-4EDE-ADCE-866B97B5B17D}.Release|Any CPU.ActiveCfg = Release|Any CPU
		{2CD50CED-84F6-4EDE-ADCE-866B97B5B17D}.Release|Any CPU.Build.0 = Release|Any CPU
	EndGlobalSection
	GlobalSection(SolutionProperties) = preSolution
		HideSolutionNode = FALSE
	EndGlobalSection
	GlobalSection(ExtensibilityGlobals) = postSolution
		SolutionGuid = {E523FC5C-FD5A-4D12-B46B-D1C21D41D913}
	EndGlobalSection
EndGlobal
