
Microsoft Visual Studio Solution File, Format Version 12.00
# Visual Studio Version 16
VisualStudioVersion = 16.0.31025.194
MinimumVisualStudioVersion = 10.0.40219.1
Project("{FAE04EC0-301F-11D3-BF4B-00C04F79EFBC}") = "InterfaceExtensions", "InterfaceExtensions\InterfaceExtensions.csproj", "{D290A3C1-DF87-48BE-B90E-B8601EE1AB48}"
EndProject
Global
	GlobalSection(SolutionConfigurationPlatforms) = preSolution
		Debug|Any CPU = Debug|Any CPU
		Release|Any CPU = Release|Any CPU
	EndGlobalSection
	GlobalSection(ProjectConfigurationPlatforms) = postSolution
		{D290A3C1-DF87-48BE-B90E-B8601EE1AB48}.Debug|Any CPU.ActiveCfg = Debug|Any CPU
		{D290A3C1-DF87-48BE-B90E-B8601EE1AB48}.Debug|Any CPU.Build.0 = Debug|Any CPU
		{D290A3C1-DF87-48BE-B90E-B8601EE1AB48}.Release|Any CPU.ActiveCfg = Release|Any CPU
		{D290A3C1-DF87-48BE-B90E-B8601EE1AB48}.Release|Any CPU.Build.0 = Release|Any CPU
	EndGlobalSection
	GlobalSection(SolutionProperties) = preSolution
		HideSolutionNode = FALSE
	EndGlobalSection
	GlobalSection(ExtensibilityGlobals) = postSolution
		SolutionGuid = {C7DBE268-BD34-4486-942E-FF16E17ACD56}
	EndGlobalSection
EndGlobal
