
Microsoft Visual Studio Solution File, Format Version 12.00
# Visual Studio Version 16
VisualStudioVersion = 16.0.31025.194
MinimumVisualStudioVersion = 10.0.40219.1
Project("{FAE04EC0-301F-11D3-BF4B-00C04F79EFBC}") = "StreamWriterReaderApp", "StreamWriter\StreamWriterReaderApp.csproj", "{97BFE743-F6BB-4A6F-8393-772CE9C60036}"
EndProject
Global
	GlobalSection(SolutionConfigurationPlatforms) = preSolution
		Debug|Any CPU = Debug|Any CPU
		Release|Any CPU = Release|Any CPU
	EndGlobalSection
	GlobalSection(ProjectConfigurationPlatforms) = postSolution
		{97BFE743-F6BB-4A6F-8393-772CE9C60036}.Debug|Any CPU.ActiveCfg = Debug|Any CPU
		{97BFE743-F6BB-4A6F-8393-772CE9C60036}.Debug|Any CPU.Build.0 = Debug|Any CPU
		{97BFE743-F6BB-4A6F-8393-772CE9C60036}.Release|Any CPU.ActiveCfg = Release|Any CPU
		{97BFE743-F6BB-4A6F-8393-772CE9C60036}.Release|Any CPU.Build.0 = Release|Any CPU
	EndGlobalSection
	GlobalSection(SolutionProperties) = preSolution
		HideSolutionNode = FALSE
	EndGlobalSection
	GlobalSection(ExtensibilityGlobals) = postSolution
		SolutionGuid = {1656DDCB-4005-42D1-86AC-37738E035B1D}
	EndGlobalSection
EndGlobal
