
Microsoft Visual Studio Solution File, Format Version 12.00
# Visual Studio Version 16
VisualStudioVersion = 16.0.31025.194
MinimumVisualStudioVersion = 10.0.40219.1
Project("{FAE04EC0-301F-11D3-BF4B-00C04F79EFBC}") = "ExternalAssemblyReflector", "ExternalAssemblyReflector\ExternalAssemblyReflector.csproj", "{5C57C10B-EB18-4603-BAF8-B594A0593032}"
EndProject
Global
	GlobalSection(SolutionConfigurationPlatforms) = preSolution
		Debug|Any CPU = Debug|Any CPU
		Release|Any CPU = Release|Any CPU
	EndGlobalSection
	GlobalSection(ProjectConfigurationPlatforms) = postSolution
		{5C57C10B-EB18-4603-BAF8-B594A0593032}.Debug|Any CPU.ActiveCfg = Debug|Any CPU
		{5C57C10B-EB18-4603-BAF8-B594A0593032}.Debug|Any CPU.Build.0 = Debug|Any CPU
		{5C57C10B-EB18-4603-BAF8-B594A0593032}.Release|Any CPU.ActiveCfg = Release|Any CPU
		{5C57C10B-EB18-4603-BAF8-B594A0593032}.Release|Any CPU.Build.0 = Release|Any CPU
	EndGlobalSection
	GlobalSection(SolutionProperties) = preSolution
		HideSolutionNode = FALSE
	EndGlobalSection
	GlobalSection(ExtensibilityGlobals) = postSolution
		SolutionGuid = {E02650EF-2F49-41A6-BA09-8BA726A8D308}
	EndGlobalSection
EndGlobal
