
Microsoft Visual Studio Solution File, Format Version 12.00
# Visual Studio Version 16
VisualStudioVersion = 16.0.31025.194
MinimumVisualStudioVersion = 10.0.40219.1
Project("{FAE04EC0-301F-11D3-BF4B-00C04F79EFBC}") = "ThreadStatus", "ThreadStatus\ThreadStatus.csproj", "{E5DD47B3-E352-42BA-A549-202B1C23472B}"
EndProject
Global
	GlobalSection(SolutionConfigurationPlatforms) = preSolution
		Debug|Any CPU = Debug|Any CPU
		Release|Any CPU = Release|Any CPU
	EndGlobalSection
	GlobalSection(ProjectConfigurationPlatforms) = postSolution
		{E5DD47B3-E352-42BA-A549-202B1C23472B}.Debug|Any CPU.ActiveCfg = Debug|Any CPU
		{E5DD47B3-E352-42BA-A549-202B1C23472B}.Debug|Any CPU.Build.0 = Debug|Any CPU
		{E5DD47B3-E352-42BA-A549-202B1C23472B}.Release|Any CPU.ActiveCfg = Release|Any CPU
		{E5DD47B3-E352-42BA-A549-202B1C23472B}.Release|Any CPU.Build.0 = Release|Any CPU
	EndGlobalSection
	GlobalSection(SolutionProperties) = preSolution
		HideSolutionNode = FALSE
	EndGlobalSection
	GlobalSection(ExtensibilityGlobals) = postSolution
		SolutionGuid = {6D4FC3BA-D5C4-40CD-B5F0-9A477EB441E3}
	EndGlobalSection
EndGlobal
