
Microsoft Visual Studio Solution File, Format Version 12.00
# Visual Studio Version 16
VisualStudioVersion = 16.0.31025.194
MinimumVisualStudioVersion = 10.0.40219.1
Project("{FAE04EC0-301F-11D3-BF4B-00C04F79EFBC}") = "SharedCarLibClient", "SharedCarLibClient\SharedCarLibClient.csproj", "{B902DCEC-5F9E-4246-BF77-6D4CE6A6BF85}"
EndProject
Global
	GlobalSection(SolutionConfigurationPlatforms) = preSolution
		Debug|Any CPU = Debug|Any CPU
		Release|Any CPU = Release|Any CPU
	EndGlobalSection
	GlobalSection(ProjectConfigurationPlatforms) = postSolution
		{B902DCEC-5F9E-4246-BF77-6D4CE6A6BF85}.Debug|Any CPU.ActiveCfg = Debug|Any CPU
		{B902DCEC-5F9E-4246-BF77-6D4CE6A6BF85}.Debug|Any CPU.Build.0 = Debug|Any CPU
		{B902DCEC-5F9E-4246-BF77-6D4CE6A6BF85}.Release|Any CPU.ActiveCfg = Release|Any CPU
		{B902DCEC-5F9E-4246-BF77-6D4CE6A6BF85}.Release|Any CPU.Build.0 = Release|Any CPU
	EndGlobalSection
	GlobalSection(SolutionProperties) = preSolution
		HideSolutionNode = FALSE
	EndGlobalSection
	GlobalSection(ExtensibilityGlobals) = postSolution
		SolutionGuid = {0F954A47-812C-43D2-BFB7-19835FE02B97}
	EndGlobalSection
EndGlobal
