
Microsoft Visual Studio Solution File, Format Version 12.00
# Visual Studio Version 16
VisualStudioVersion = 16.0.31025.194
MinimumVisualStudioVersion = 10.0.40219.1
Project("{FAE04EC0-301F-11D3-BF4B-00C04F79EFBC}") = "LinqOverCustomObjects", "LinqOverCustomObjects\LinqOverCustomObjects.csproj", "{303027A0-1513-4D67-B8F1-555BF8A25871}"
EndProject
Global
	GlobalSection(SolutionConfigurationPlatforms) = preSolution
		Debug|Any CPU = Debug|Any CPU
		Release|Any CPU = Release|Any CPU
	EndGlobalSection
	GlobalSection(ProjectConfigurationPlatforms) = postSolution
		{303027A0-1513-4D67-B8F1-555BF8A25871}.Debug|Any CPU.ActiveCfg = Debug|Any CPU
		{303027A0-1513-4D67-B8F1-555BF8A25871}.Debug|Any CPU.Build.0 = Debug|Any CPU
		{303027A0-1513-4D67-B8F1-555BF8A25871}.Release|Any CPU.ActiveCfg = Release|Any CPU
		{303027A0-1513-4D67-B8F1-555BF8A25871}.Release|Any CPU.Build.0 = Release|Any CPU
	EndGlobalSection
	GlobalSection(SolutionProperties) = preSolution
		HideSolutionNode = FALSE
	EndGlobalSection
	GlobalSection(ExtensibilityGlobals) = postSolution
		SolutionGuid = {E0E1342B-6D82-4117-86D2-4BBFA856DF91}
	EndGlobalSection
EndGlobal
