
Microsoft Visual Studio Solution File, Format Version 12.00
# Visual Studio Version 16
VisualStudioVersion = 16.0.31025.194
MinimumVisualStudioVersion = 10.0.40219.1
Project("{FAE04EC0-301F-11D3-BF4B-00C04F79EFBC}") = "CustomSerialization", "CustomSerialization\CustomSerialization.csproj", "{4D0DFD16-D3CB-47C3-BFCE-2A7A0BF7552C}"
EndProject
Global
	GlobalSection(SolutionConfigurationPlatforms) = preSolution
		Debug|Any CPU = Debug|Any CPU
		Release|Any CPU = Release|Any CPU
	EndGlobalSection
	GlobalSection(ProjectConfigurationPlatforms) = postSolution
		{4D0DFD16-D3CB-47C3-BFCE-2A7A0BF7552C}.Debug|Any CPU.ActiveCfg = Debug|Any CPU
		{4D0DFD16-D3CB-47C3-BFCE-2A7A0BF7552C}.Debug|Any CPU.Build.0 = Debug|Any CPU
		{4D0DFD16-D3CB-47C3-BFCE-2A7A0BF7552C}.Release|Any CPU.ActiveCfg = Release|Any CPU
		{4D0DFD16-D3CB-47C3-BFCE-2A7A0BF7552C}.Release|Any CPU.Build.0 = Release|Any CPU
	EndGlobalSection
	GlobalSection(SolutionProperties) = preSolution
		HideSolutionNode = FALSE
	EndGlobalSection
	GlobalSection(ExtensibilityGlobals) = postSolution
		SolutionGuid = {B80878D7-4313-435C-B120-57266FD8B5BC}
	EndGlobalSection
EndGlobal
