
Microsoft Visual Studio Solution File, Format Version 12.00
# Visual Studio Version 16
VisualStudioVersion = 16.0.31025.194
MinimumVisualStudioVersion = 10.0.40219.1
Project("{FAE04EC0-301F-11D3-BF4B-00C04F79EFBC}") = "InventoryDALDisconnectedGUI", "InventoryDALDisconnectedGUI\InventoryDALDisconnectedGUI.csproj", "{F5149AF7-E61C-4552-AC77-0BED83BB06B1}"
EndProject
Global
	GlobalSection(SolutionConfigurationPlatforms) = preSolution
		Debug|Any CPU = Debug|Any CPU
		Release|Any CPU = Release|Any CPU
	EndGlobalSection
	GlobalSection(ProjectConfigurationPlatforms) = postSolution
		{F5149AF7-E61C-4552-AC77-0BED83BB06B1}.Debug|Any CPU.ActiveCfg = Debug|Any CPU
		{F5149AF7-E61C-4552-AC77-0BED83BB06B1}.Debug|Any CPU.Build.0 = Debug|Any CPU
		{F5149AF7-E61C-4552-AC77-0BED83BB06B1}.Release|Any CPU.ActiveCfg = Release|Any CPU
		{F5149AF7-E61C-4552-AC77-0BED83BB06B1}.Release|Any CPU.Build.0 = Release|Any CPU
	EndGlobalSection
	GlobalSection(SolutionProperties) = preSolution
		HideSolutionNode = FALSE
	EndGlobalSection
	GlobalSection(ExtensibilityGlobals) = postSolution
		SolutionGuid = {4BD3FFD8-C597-46B0-8F0B-B243B1A1132C}
	EndGlobalSection
EndGlobal
