
Microsoft Visual Studio Solution File, Format Version 12.00
# Visual Studio Version 16
VisualStudioVersion = 16.0.31025.194
MinimumVisualStudioVersion = 10.0.40219.1
Project("{FAE04EC0-301F-11D3-BF4B-00C04F79EFBC}") = "SimpleMultiThreadApp", "SimpleMultiThreadApp\SimpleMultiThreadApp.csproj", "{24E0C645-3566-401A-9A06-393DC3954287}"
EndProject
Global
	GlobalSection(SolutionConfigurationPlatforms) = preSolution
		Debug|Any CPU = Debug|Any CPU
		Release|Any CPU = Release|Any CPU
	EndGlobalSection
	GlobalSection(ProjectConfigurationPlatforms) = postSolution
		{24E0C645-3566-401A-9A06-393DC3954287}.Debug|Any CPU.ActiveCfg = Debug|Any CPU
		{24E0C645-3566-401A-9A06-393DC3954287}.Debug|Any CPU.Build.0 = Debug|Any CPU
		{24E0C645-3566-401A-9A06-393DC3954287}.Release|Any CPU.ActiveCfg = Release|Any CPU
		{24E0C645-3566-401A-9A06-393DC3954287}.Release|Any CPU.Build.0 = Release|Any CPU
	EndGlobalSection
	GlobalSection(SolutionProperties) = preSolution
		HideSolutionNode = FALSE
	EndGlobalSection
	GlobalSection(ExtensibilityGlobals) = postSolution
		SolutionGuid = {577C8C07-433F-42A0-A39D-EC2169757D1C}
	EndGlobalSection
EndGlobal
