
Microsoft Visual Studio Solution File, Format Version 12.00
# Visual Studio Version 16
VisualStudioVersion = 16.0.31025.194
MinimumVisualStudioVersion = 10.0.40219.1
Project("{FAE04EC0-301F-11D3-BF4B-00C04F79EFBC}") = "ApplyingAttributes", "ApplyingAttributes\ApplyingAttributes.csproj", "{1F7204CA-6969-4F37-AD84-DC6196847617}"
EndProject
Global
	GlobalSection(SolutionConfigurationPlatforms) = preSolution
		Debug|Any CPU = Debug|Any CPU
		Release|Any CPU = Release|Any CPU
	EndGlobalSection
	GlobalSection(ProjectConfigurationPlatforms) = postSolution
		{1F7204CA-6969-4F37-AD84-DC6196847617}.Debug|Any CPU.ActiveCfg = Debug|Any CPU
		{1F7204CA-6969-4F37-AD84-DC6196847617}.Debug|Any CPU.Build.0 = Debug|Any CPU
		{1F7204CA-6969-4F37-AD84-DC6196847617}.Release|Any CPU.ActiveCfg = Release|Any CPU
		{1F7204CA-6969-4F37-AD84-DC6196847617}.Release|Any CPU.Build.0 = Release|Any CPU
	EndGlobalSection
	GlobalSection(SolutionProperties) = preSolution
		HideSolutionNode = FALSE
	EndGlobalSection
	GlobalSection(ExtensibilityGlobals) = postSolution
		SolutionGuid = {D0AE7FE9-D55C-4FD9-9120-EF819097120A}
	EndGlobalSection
EndGlobal
